<Solution>
  <Project Path="LogiPulse.Api/LogiPulse.Api.csproj" />
  <Project Path="LogiPulse.Application.Tests/LogiPulse.Application.Tests.csproj" />
  <Project Path="LogiPulse.Application/LogiPulse.Application.csproj" />
  <Project Path="LogiPulse.Domain.Tests/LogiPulse.Domain.Tests.csproj" />
  <Project Path="LogiPulse.Domain/LogiPulse.Domain.csproj" />
  <Project Path="LogiPulse.Infrastructure/LogiPulse.Infrastructure.csproj" />
  <Project Path="Logipulse.IntegrationTests/Logipulse.IntegrationTests.csproj" />
  <Project Path="LogiPulse.Worker.Tests/LogiPulse.Worker.Tests.csproj" />
  <Project Path="LogiPulse.Worker/LogiPulse.Worker.csproj" />
</Solution>
